// !$*UTF8*$!
{
	archiveVersion = 1;
	classes = {
	};
	objectVersion = 46;
	objects = {

/* Begin PBXBuildFile section */
		2F668AA41A3FDF1E00AAB759 /* AppDelegate.swift in Sources */ = {isa = PBXBuildFile; fileRef = 2F668AA31A3FDF1E00AAB759 /* AppDelegate.swift */; };
		2F668AA61A3FDF1E00AAB759 /* ViewController.swift in Sources */ = {isa = PBXBuildFile; fileRef = 2F668AA51A3FDF1E00AAB759 /* ViewController.swift */; };
		2F668AA91A3FDF1E00AAB759 /* Main.storyboard in Resources */ = {isa = PBXBuildFile; fileRef = 2F668AA71A3FDF1E00AAB759 /* Main.storyboard */; };
		2F668AAB1A3FDF1E00AAB759 /* Images.xcassets in Resources */ = {isa = PBXBuildFile; fileRef = 2F668AAA1A3FDF1E00AAB759 /* Images.xcassets */; };
		2F668AAE1A3FDF1E00AAB759 /* LaunchScreen.xib in Resources */ = {isa = PBXBuildFile; fileRef = 2F668AAC1A3FDF1E00AAB759 /* LaunchScreen.xib */; };
		2F668ABA1A3FDF1E00AAB759 /* gogoThailandTests.swift in Sources */ = {isa = PBXBuildFile; fileRef = 2F668AB91A3FDF1E00AAB759 /* gogoThailandTests.swift */; };
/* End PBXBuildFile section */

/* Begin PBXContainerItemProxy section */
		2F668AB41A3FDF1E00AAB759 /* PBXContainerItemProxy */ = {
			isa = PBXContainerItemProxy;
			containerPortal = 2F668A961A3FDF1D00AAB759 /* Project object */;
			proxyType = 1;
			remoteGlobalIDString = 2F668A9D1A3FDF1E00AAB759;
			remoteInfo = gogoThailand;
		};
/* End PBXContainerItemProxy section */

/* Begin PBXFileReference section */
		2F668A9E1A3FDF1E00AAB759 /* gogoThailand.app */ = {isa = PBXFileReference; explicitFileType = wrapper.application; includeInIndex = 0; path = gogoThailand.app; sourceTree = BUILT_PRODUCTS_DIR; };
		2F668AA21A3FDF1E00AAB759 /* Info.plist */ = {isa = PBXFileReference; lastKnownFileType = text.plist.xml; path = Info.plist; sourceTree = "<group>"; };
		2F668AA31A3FDF1E00AAB759 /* AppDelegate.swift */ = {isa = PBXFileReference; lastKnownFileType = sourcecode.swift; path = AppDelegate.swift; sourceTree = "<group>"; };
		2F668AA51A3FDF1E00AAB759 /* ViewController.swift */ = {isa = PBXFileReference; lastKnownFileType = sourcecode.swift; path = ViewController.swift; sourceTree = "<group>"; };
		2F668AA81A3FDF1E00AAB759 /* Base */ = {isa = PBXFileReference; lastKnownFileType = file.storyboard; name = Base; path = Base.lproj/Main.storyboard; sourceTree = "<group>"; };
		2F668AAA1A3FDF1E00AAB759 /* Images.xcassets */ = {isa = PBXFileReference; lastKnownFileType = folder.assetcatalog; path = Images.xcassets; sourceTree = "<group>"; };
		2F668AAD1A3FDF1E00AAB759 /* Base */ = {isa = PBXFileReference; lastKnownFileType = file.xib; name = Base; path = Base.lproj/LaunchScreen.xib; sourceTree = "<group>"; };
		2F668AB31A3FDF1E00AAB759 /* gogoThailandTests.xctest */ = {isa = PBXFileReference; explicitFileType = wrapper.cfbundle; includeInIndex = 0; path = gogoThailandTests.xctest; sourceTree = BUILT_PRODUCTS_DIR; };
		2F668AB81A3FDF1E00AAB759 /* Info.plist */ = {isa = PBXFileReference; lastKnownFileType = text.plist.xml; path = Info.plist; sourceTree = "<group>"; };
		2F668AB91A3FDF1E00AAB759 /* gogoThailandTests.swift */ = {isa = PBXFileReference; lastKnownFileType = sourcecode.swift; path = gogoThailandTests.swift; sourceTree = "<group>"; };
/* End PBXFileReference section */

/* Begin PBXFrameworksBuildPhase section */
		2F668A9B1A3FDF1E00AAB759 /* Frameworks */ = {
			isa = PBXFrameworksBuildPhase;
			buildActionMask = 2147483647;
			files = (
			);
			runOnlyForDeploymentPostprocessing = 0;
		};
		2F668AB01A3FDF1E00AAB759 /* Frameworks */ = {
			isa = PBXFrameworksBuildPhase;
			buildActionMask = 2147483647;
			files = (
			);
			runOnlyForDeploymentPostprocessing = 0;
		};
/* End PBXFrameworksBuildPhase section */

/* Begin PBXGroup section */
		2F668A951A3FDF1D00AAB759 = {
			isa = PBXGroup;
			children = (
				2F668AA01A3FDF1E00AAB759 /* gogoThailand */,
				2F668AB61A3FDF1E00AAB759 /* gogoThailandTests */,
				2F668A9F1A3FDF1E00AAB759 /* Products */,
			);
			sourceTree = "<group>";
		};
		2F668A9F1A3FDF1E00AAB759 /* Products */ = {
			isa = PBXGroup;
			children = (
				2F668A9E1A3FDF1E00AAB759 /* gogoThailand.app */,
				2F668AB31A3FDF1E00AAB759 /* gogoThailandTests.xctest */,
			);
			name = Products;
			sourceTree = "<group>";
		};
		2F668AA01A3FDF1E00AAB759 /* gogoThailand */ = {
			isa = PBXGroup;
			children = (
				2F668AA31A3FDF1E00AAB759 /* AppDelegate.swift */,
				2F668AA51A3FDF1E00AAB759 /* ViewController.swift */,
				2F668AA71A3FDF1E00AAB759 /* Main.storyboard */,
				2F668AAA1A3FDF1E00AAB759 /* Images.xcassets */,
				2F668AAC1A3FDF1E00AAB759 /* LaunchScreen.xib */,
				2F668AA11A3FDF1E00AAB759 /* Supporting Files */,
			);
			path = gogoThailand;
			sourceTree = "<group>";
		};
		2F668AA11A3FDF1E00AAB759 /* Supporting Files */ = {
			isa = PBXGroup;
			children = (
				2F668AA21A3FDF1E00AAB759 /* Info.plist */,
			);
			name = "Supporting Files";
			sourceTree = "<group>";
		};
		2F668AB61A3FDF1E00AAB759 /* gogoThailandTests */ = {
			isa = PBXGroup;
			children = (
				2F668AB91A3FDF1E00AAB759 /* gogoThailandTests.swift */,
				2F668AB71A3FDF1E00AAB759 /* Supporting Files */,
			);
			path = gogoThailandTests;
			sourceTree = "<group>";
		};
		2F668AB71A3FDF1E00AAB759 /* Supporting Files */ = {
			isa = PBXGroup;
			children = (
				2F668AB81A3FDF1E00AAB759 /* Info.plist */,
			);
			name = "Supporting Files";
			sourceTree = "<group>";
		};
/* End PBXGroup section */

/* Begin PBXNativeTarget section */
		2F668A9D1A3FDF1E00AAB759 /* gogoThailand */ = {
			isa = PBXNativeTarget;
			buildConfigurationList = 2F668ABD1A3FDF1E00AAB759 /* Build configuration list for PBXNativeTarget "gogoThailand" */;
			buildPhases = (
				2F668A9A1A3FDF1E00AAB759 /* Sources */,
				2F668A9B1A3FDF1E00AAB759 /* Frameworks */,
				2F668A9C1A3FDF1E00AAB759 /* Resources */,
			);
			buildRules = (
			);
			dependencies = (
			);
			name = gogoThailand;
			productName = gogoThailand;
			productReference = 2F668A9E1A3FDF1E00AAB759 /* gogoThailand.app */;
			productType = "com.apple.product-type.application";
		};
		2F668AB21A3FDF1E00AAB759 /* gogoThailandTests */ = {
			isa = PBXNativeTarget;
			buildConfigurationList = 2F668AC01A3FDF1E00AAB759 /* Build configuration list for PBXNativeTarget "gogoThailandTests" */;
			buildPhases = (
				2F668AAF1A3FDF1E00AAB759 /* Sources */,
				2F668AB01A3FDF1E00AAB759 /* Frameworks */,
				2F668AB11A3FDF1E00AAB759 /* Resources */,
			);
			buildRules = (
			);
			dependencies = (
				2F668AB51A3FDF1E00AAB759 /* PBXTargetDependency */,
			);
			name = gogoThailandTests;
			productName = gogoThailandTests;
			productReference = 2F668AB31A3FDF1E00AAB759 /* gogoThailandTests.xctest */;
			productType = "com.apple.product-type.bundle.unit-test";
		};
/* End PBXNativeTarget section */

/* Begin PBXProject section */
		2F668A961A3FDF1D00AAB759 /* Project object */ = {
			isa = PBXProject;
			attributes = {
				LastUpgradeCheck = 0610;
				ORGANIZATIONNAME = Paparwarin;
				TargetAttributes = {
					2F668A9D1A3FDF1E00AAB759 = {
						CreatedOnToolsVersion = 6.1.1;
					};
					2F668AB21A3FDF1E00AAB759 = {
						CreatedOnToolsVersion = 6.1.1;
						TestTargetID = 2F668A9D1A3FDF1E00AAB759;
					};
				};
			};
			buildConfigurationList = 2F668A991A3FDF1D00AAB759 /* Build configuration list for PBXProject "gogoThailand" */;
			compatibilityVersion = "Xcode 3.2";
			developmentRegion = English;
			hasScannedForEncodings = 0;
			knownRegions = (
				en,
				Base,
			);
			mainGroup = 2F668A951A3FDF1D00AAB759;
			productRefGroup = 2F668A9F1A3FDF1E00AAB759 /* Products */;
			projectDirPath = "";
			projectRoot = "";
			targets = (
				2F668A9D1A3FDF1E00AAB759 /* gogoThailand */,
				2F668AB21A3FDF1E00AAB759 /* gogoThailandTests */,
			);
		};
/* End PBXProject section */

/* Begin PBXResourcesBuildPhase section */
		2F668A9C1A3FDF1E00AAB759 /* Resources */ = {
			isa = PBXResourcesBuildPhase;
			buildActionMask = 2147483647;
			files = (
				2F668AA91A3FDF1E00AAB759 /* Main.storyboard in Resources */,
				2F668AAE1A3FDF1E00AAB759 /* LaunchScreen.xib in Resources */,
				2F668AAB1A3FDF1E00AAB759 /* Images.xcassets in Resources */,
			);
			runOnlyForDeploymentPostprocessing = 0;
		};
		2F668AB11A3FDF1E00AAB759 /* Resources */ = {
			isa = PBXResourcesBuildPhase;
			buildActionMask = 2147483647;
			files = (
			);
			runOnlyForDeploymentPostprocessing = 0;
		};
/* End PBXResourcesBuildPhase section */

/* Begin PBXSourcesBuildPhase section */
		2F668A9A1A3FDF1E00AAB759 /* Sources */ = {
			isa = PBXSourcesBuildPhase;
			buildActionMask = 2147483647;
			files = (
				2F668AA61A3FDF1E00AAB759 /* ViewController.swift in Sources */,
				2F668AA41A3FDF1E00AAB759 /* AppDelegate.swift in Sources */,
			);
			runOnlyForDeploymentPostprocessing = 0;
		};
		2F668AAF1A3FDF1E00AAB759 /* Sources */ = {
			isa = PBXSourcesBuildPhase;
			buildActionMask = 2147483647;
			files = (
				2F668ABA1A3FDF1E00AAB759 /* gogoThailandTests.swift in Sources */,
			);
			runOnlyForDeploymentPostprocessing = 0;
		};
/* End PBXSourcesBuildPhase section */

/* Begin PBXTargetDependency section */
		2F668AB51A3FDF1E00AAB759 /* PBXTargetDependency */ = {
			isa = PBXTargetDependency;
			target = 2F668A9D1A3FDF1E00AAB759 /* gogoThailand */;
			targetProxy = 2F668AB41A3FDF1E00AAB759 /* PBXContainerItemProxy */;
		};
/* End PBXTargetDependency section */

/* Begin PBXVariantGroup section */
		2F668AA71A3FDF1E00AAB759 /* Main.storyboard */ = {
			isa = PBXVariantGroup;
			children = (
				2F668AA81A3FDF1E00AAB759 /* Base */,
			);
			name = Main.storyboard;
			sourceTree = "<group>";
		};
		2F668AAC1A3FDF1E00AAB759 /* LaunchScreen.xib */ = {
			isa = PBXVariantGroup;
			children = (
				2F668AAD1A3FDF1E00AAB759 /* Base */,
			);
			name = LaunchScreen.xib;
			sourceTree = "<group>";
		};
/* End PBXVariantGroup section */

/* Begin XCBuildConfiguration section */
		2F668ABB1A3FDF1E00AAB759 /* Debug */ = {
			isa = XCBuildConfiguration;
			buildSettings = {
				ALWAYS_SEARCH_USER_PATHS = NO;
				CLANG_CXX_LANGUAGE_STANDARD = "gnu++0x";
				CLANG_CXX_LIBRARY = "libc++";
				CLANG_ENABLE_MODULES = YES;
				CLANG_ENABLE_OBJC_ARC = YES;
				CLANG_WARN_BOOL_CONVERSION = YES;
				CLANG_WARN_CONSTANT_CONVERSION = YES;
				CLANG_WARN_DIRECT_OBJC_ISA_USAGE = YES_ERROR;
				CLANG_WARN_EMPTY_BODY = YES;
				CLANG_WARN_ENUM_CONVERSION = YES;
				CLANG_WARN_INT_CONVERSION = YES;
				CLANG_WARN_OBJC_ROOT_CLASS = YES_ERROR;
				CLANG_WARN_UNREACHABLE_CODE = YES;
				CLANG_WARN__DUPLICATE_METHOD_MATCH = YES;
				"CODE_SIGN_IDENTITY[sdk=iphoneos*]" = "iPhone Developer";
				COPY_PHASE_STRIP = NO;
				ENABLE_STRICT_OBJC_MSGSEND = YES;
				GCC_C_LANGUAGE_STANDARD = gnu99;
				GCC_DYNAMIC_NO_PIC = NO;
				GCC_OPTIMIZATION_LEVEL = 0;
				GCC_PREPROCESSOR_DEFINITIONS = (
					"DEBUG=1",
					"$(inherited)",
				);
				GCC_SYMBOLS_PRIVATE_EXTERN = NO;
				GCC_WARN_64_TO_32_BIT_CONVERSION = YES;
				GCC_WARN_ABOUT_RETURN_TYPE = YES_ERROR;
				GCC_WARN_UNDECLARED_SELECTOR = YES;
				GCC_WARN_UNINITIALIZED_AUTOS = YES_AGGRESSIVE;
				GCC_WARN_UNUSED_FUNCTION = YES;
				GCC_WARN_UNUSED_VARIABLE = YES;
				IPHONEOS_DEPLOYMENT_TARGET = 8.1;
				MTL_ENABLE_DEBUG_INFO = YES;
				ONLY_ACTIVE_ARCH = YES;
				SDKROOT = iphoneos;
				SWIFT_OPTIMIZATION_LEVEL = "-Onone";
			};
			name = Debug;
		};
		2F668ABC1A3FDF1E00AAB759 /* Release */ = {
			isa = XCBuildConfiguration;
			buildSettings = {
				ALWAYS_SEARCH_USER_PATHS = NO;
				CLANG_CXX_LANGUAGE_STANDARD = "gnu++0x";
				CLANG_CXX_LIBRARY = "libc++";
				CLANG_ENABLE_MODULES = YES;
				CLANG_ENABLE_OBJC_ARC = YES;
				CLANG_WARN_BOOL_CONVERSION = YES;
				CLANG_WARN_CONSTANT_CONVERSION = YES;
				CLANG_WARN_DIRECT_OBJC_ISA_USAGE = YES_ERROR;
				CLANG_WARN_EMPTY_BODY = YES;
				CLANG_WARN_ENUM_CONVERSION = YES;
				CLANG_WARN_INT_CONVERSION = YES;
				CLANG_WARN_OBJC_ROOT_CLASS = YES_ERROR;
				CLANG_WARN_UNREACHABLE_CODE = YES;
				CLANG_WARN__DUPLICATE_METHOD_MATCH = YES;
				"CODE_SIGN_IDENTITY[sdk=iphoneos*]" = "iPhone Developer";
				COPY_PHASE_STRIP = YES;
				ENABLE_NS_ASSERTIONS = NO;
				ENABLE_STRICT_OBJC_MSGSEND = YES;
				GCC_C_LANGUAGE_STANDARD = gnu99;
				GCC_WARN_64_TO_32_BIT_CONVERSION = YES;
				GCC_WARN_ABOUT_RETURN_TYPE = YES_ERROR;
				GCC_WARN_UNDECLARED_SELECTOR = YES;
				GCC_WARN_UNINITIALIZED_AUTOS = YES_AGGRESSIVE;
				GCC_WARN_UNUSED_FUNCTION = YES;
				GCC_WARN_UNUSED_VARIABLE = YES;
				IPHONEOS_DEPLOYMENT_TARGET = 8.1;
				MTL_ENABLE_DEBUG_INFO = NO;
				SDKROOT = iphoneos;
				VALIDATE_PRODUCT = YES;
			};
			name = Release;
		};
		2F668ABE1A3FDF1E00AAB759 /* Debug */ = {
			isa = XCBuildConfiguration;
			buildSettings = {
				ASSETCATALOG_COMPILER_APPICON_NAME = AppIcon;
				INFOPLIST_FILE = gogoThailand/Info.plist;
				LD_RUNPATH_SEARCH_PATHS = "$(inherited) @executable_path/Frameworks";
				PRODUCT_NAME = "$(TARGET_NAME)";
			};
			name = Debug;
		};
		2F668ABF1A3FDF1E00AAB759 /* Release */ = {
			isa = XCBuildConfiguration;
			buildSettings = {
				ASSETCATALOG_COMPILER_APPICON_NAME = AppIcon;
				INFOPLIST_FILE = gogoThailand/Info.plist;
				LD_RUNPATH_SEARCH_PATHS = "$(inherited) @executable_path/Frameworks";
				PRODUCT_NAME = "$(TARGET_NAME)";
			};
			name = Release;
		};
		2F668AC11A3FDF1E00AAB759 /* Debug */ = {
			isa = XCBuildConfiguration;
			buildSettings = {
				BUNDLE_LOADER = "$(TEST_HOST)";
				FRAMEWORK_SEARCH_PATHS = (
					"$(SDKROOT)/Developer/Library/Frameworks",
					"$(inherited)",
				);
				GCC_PREPROCESSOR_DEFINITIONS = (
					"DEBUG=1",
					"$(inherited)",
				);
				INFOPLIST_FILE = gogoThailandTests/Info.plist;
				LD_RUNPATH_SEARCH_PATHS = "$(inherited) @executable_path/Frameworks @loader_path/Frameworks";
				PRODUCT_NAME = "$(TARGET_NAME)";
				TEST_HOST = "$(BUILT_PRODUCTS_DIR)/gogoThailand.app/gogoThailand";
			};
			name = Debug;
		};
		2F668AC21A3FDF1E00AAB759 /* Release */ = {
			isa = XCBuildConfiguration;
			buildSettings = {
				BUNDLE_LOADER = "$(TEST_HOST)";
				FRAMEWORK_SEARCH_PATHS = (
					"$(SDKROOT)/Developer/Library/Frameworks",
					"$(inherited)",
				);
				INFOPLIST_FILE = gogoThailandTests/Info.plist;
				LD_RUNPATH_SEARCH_PATHS = "$(inherited) @executable_path/Frameworks @loader_path/Frameworks";
				PRODUCT_NAME = "$(TARGET_NAME)";
				TEST_HOST = "$(BUILT_PRODUCTS_DIR)/gogoThailand.app/gogoThailand";
			};
			name = Release;
		};
/* End XCBuildConfiguration section */

/* Begin XCConfigurationList section */
		2F668A991A3FDF1D00AAB759 /* Build configuration list for PBXProject "gogoThailand" */ = {
			isa = XCConfigurationList;
			buildConfigurations = (
				2F668ABB1A3FDF1E00AAB759 /* Debug */,
				2F668ABC1A3FDF1E00AAB759 /* Release */,
			);
			defaultConfigurationIsVisible = 0;
			defaultConfigurationName = Release;
		};
		2F668ABD1A3FDF1E00AAB759 /* Build configuration list for PBXNativeTarget "gogoThailand" */ = {
			isa = XCConfigurationList;
			buildConfigurations = (
				2F668ABE1A3FDF1E00AAB759 /* Debug */,
				2F668ABF1A3FDF1E00AAB759 /* Release */,
			);
			defaultConfigurationIsVisible = 0;
		};
		2F668AC01A3FDF1E00AAB759 /* Build configuration list for PBXNativeTarget "gogoThailandTests" */ = {
			isa = XCConfigurationList;
			buildConfigurations = (
				2F668AC11A3FDF1E00AAB759 /* Debug */,
				2F668AC21A3FDF1E00AAB759 /* Release */,
			);
			defaultConfigurationIsVisible = 0;
		};
/* End XCConfigurationList section */
	};
	rootObject = 2F668A961A3FDF1D00AAB759 /* Project object */;
}
